
Microsoft Visual Studio Solution File, Format Version 12.00
# Visual Studio Version 16
VisualStudioVersion = 16.0.31005.135
MinimumVisualStudioVersion = 10.0.40219.1
Project("{9A19103F-16F7-4668-BE54-9A1E7A4F7556}") = "DanskeBank.CompaniesApi", "src\DanskeBank.CompaniesApi\DanskeBank.CompaniesApi.csproj", "{18C61E9B-37FE-4CC1-B469-74EAD0801BC8}"
	ProjectSection(ProjectDependencies) = postProject
		{C6E807D8-9839-4966-8742-47ED9999C3ED} = {C6E807D8-9839-4966-8742-47ED9999C3ED}
		{3FA0E3DD-FE98-4113-8C97-9BC0C8B71705} = {3FA0E3DD-FE98-4113-8C97-9BC0C8B71705}
	EndProjectSection
EndProject
Project("{FAE04EC0-301F-11D3-BF4B-00C04F79EFBC}") = "DanskeBank.Application", "src\DanskeBank.Application\DanskeBank.Application.csproj", "{3FA0E3DD-FE98-4113-8C97-9BC0C8B71705}"
	ProjectSection(ProjectDependencies) = postProject
		{39F300B2-C217-4790-89B4-E84354B2F57A} = {39F300B2-C217-4790-89B4-E84354B2F57A}
	EndProjectSection
EndProject
Project("{FAE04EC0-301F-11D3-BF4B-00C04F79EFBC}") = "DanskeBank.Domain", "src\DanskeBank.Domain\DanskeBank.Domain.csproj", "{39F300B2-C217-4790-89B4-E84354B2F57A}"
EndProject
Project("{FAE04EC0-301F-11D3-BF4B-00C04F79EFBC}") = "DanskeBank.Infrastructure", "src\DanskeBank.Infrastructure\DanskeBank.Infrastructure.csproj", "{C6E807D8-9839-4966-8742-47ED9999C3ED}"
	ProjectSection(ProjectDependencies) = postProject
		{3FA0E3DD-FE98-4113-8C97-9BC0C8B71705} = {3FA0E3DD-FE98-4113-8C97-9BC0C8B71705}
	EndProjectSection
EndProject
Global
	GlobalSection(SolutionConfigurationPlatforms) = preSolution
		Debug|Any CPU = Debug|Any CPU
		Release|Any CPU = Release|Any CPU
	EndGlobalSection
	GlobalSection(ProjectConfigurationPlatforms) = postSolution
		{18C61E9B-37FE-4CC1-B469-74EAD0801BC8}.Debug|Any CPU.ActiveCfg = Debug|Any CPU
		{18C61E9B-37FE-4CC1-B469-74EAD0801BC8}.Debug|Any CPU.Build.0 = Debug|Any CPU
		{18C61E9B-37FE-4CC1-B469-74EAD0801BC8}.Release|Any CPU.ActiveCfg = Release|Any CPU
		{18C61E9B-37FE-4CC1-B469-74EAD0801BC8}.Release|Any CPU.Build.0 = Release|Any CPU
		{3FA0E3DD-FE98-4113-8C97-9BC0C8B71705}.Debug|Any CPU.ActiveCfg = Debug|Any CPU
		{3FA0E3DD-FE98-4113-8C97-9BC0C8B71705}.Debug|Any CPU.Build.0 = Debug|Any CPU
		{3FA0E3DD-FE98-4113-8C97-9BC0C8B71705}.Release|Any CPU.ActiveCfg = Release|Any CPU
		{3FA0E3DD-FE98-4113-8C97-9BC0C8B71705}.Release|Any CPU.Build.0 = Release|Any CPU
		{39F300B2-C217-4790-89B4-E84354B2F57A}.Debug|Any CPU.ActiveCfg = Debug|Any CPU
		{39F300B2-C217-4790-89B4-E84354B2F57A}.Debug|Any CPU.Build.0 = Debug|Any CPU
		{39F300B2-C217-4790-89B4-E84354B2F57A}.Release|Any CPU.ActiveCfg = Release|Any CPU
		{39F300B2-C217-4790-89B4-E84354B2F57A}.Release|Any CPU.Build.0 = Release|Any CPU
		{C6E807D8-9839-4966-8742-47ED9999C3ED}.Debug|Any CPU.ActiveCfg = Debug|Any CPU
		{C6E807D8-9839-4966-8742-47ED9999C3ED}.Debug|Any CPU.Build.0 = Debug|Any CPU
		{C6E807D8-9839-4966-8742-47ED9999C3ED}.Release|Any CPU.ActiveCfg = Release|Any CPU
		{C6E807D8-9839-4966-8742-47ED9999C3ED}.Release|Any CPU.Build.0 = Release|Any CPU
	EndGlobalSection
	GlobalSection(SolutionProperties) = preSolution
		HideSolutionNode = FALSE
	EndGlobalSection
	GlobalSection(ExtensibilityGlobals) = postSolution
		SolutionGuid = {0803B86D-0A13-4A51-BB5D-F096C5D9E883}
	EndGlobalSection
EndGlobal
